// !$*UTF8*$!
{
	archiveVersion = 1;
	classes = {
	};
	objectVersion = 51;
	objects = {

/* Begin PBXBuildFile section */
		704C75A4265678AB00764B9C /* AppDelegate.swift in Sources */ = {isa = PBXBuildFile; fileRef = 704C75A3265678AB00764B9C /* AppDelegate.swift */; };
		704C75A6265678AB00764B9C /* SceneDelegate.swift in Sources */ = {isa = PBXBuildFile; fileRef = 704C75A5265678AB00764B9C /* SceneDelegate.swift */; };
		704C75A8265678AB00764B9C /* MapViewController.swift in Sources */ = {isa = PBXBuildFile; fileRef = 704C75A7265678AB00764B9C /* MapViewController.swift */; };
		704C75AB265678AB00764B9C /* Main.storyboard in Resources */ = {isa = PBXBuildFile; fileRef = 704C75A9265678AB00764B9C /* Main.storyboard */; };
		704C75AD265678AF00764B9C /* Assets.xcassets in Resources */ = {isa = PBXBuildFile; fileRef = 704C75AC265678AF00764B9C /* Assets.xcassets */; };
		704C75B0265678AF00764B9C /* LaunchScreen.storyboard in Resources */ = {isa = PBXBuildFile; fileRef = 704C75AE265678AF00764B9C /* LaunchScreen.storyboard */; };
		704C75BB265678AF00764B9C /* mapTests.swift in Sources */ = {isa = PBXBuildFile; fileRef = 704C75BA265678AF00764B9C /* mapTests.swift */; };
		704C75C6265678AF00764B9C /* mapUITests.swift in Sources */ = {isa = PBXBuildFile; fileRef = 704C75C5265678AF00764B9C /* mapUITests.swift */; };
		7068552526CDFAD800E83121 /* PolicyViewController.swift in Sources */ = {isa = PBXBuildFile; fileRef = 7068552426CDFAD800E83121 /* PolicyViewController.swift */; };
		7074567F2682CFF500D630B2 /* CollectionViewContoroller.swift in Sources */ = {isa = PBXBuildFile; fileRef = 7074567E2682CFF500D630B2 /* CollectionViewContoroller.swift */; };
		707B6A95265C84DC00A73312 /* ProfileViewController.swift in Sources */ = {isa = PBXBuildFile; fileRef = 707B6A94265C84DC00A73312 /* ProfileViewController.swift */; };
		707B6A9D265C870E00A73312 /* PostViewController.swift in Sources */ = {isa = PBXBuildFile; fileRef = 707B6A9C265C870E00A73312 /* PostViewController.swift */; };
		707B6AD0265CD85000A73312 /* GoogleService-Info.plist in Resources */ = {isa = PBXBuildFile; fileRef = 707B6ACF265CD85000A73312 /* GoogleService-Info.plist */; };
		707B6ADB265CE69200A73312 /* loginViewController.swift in Sources */ = {isa = PBXBuildFile; fileRef = 707B6ADA265CE69200A73312 /* loginViewController.swift */; };
		708516EE26855B6900DC29CC /* ImageDetailViewController.swift in Sources */ = {isa = PBXBuildFile; fileRef = 708516ED26855B6900DC29CC /* ImageDetailViewController.swift */; };
		70C3825E2661F805005FDC7D /* DataSets.swift in Sources */ = {isa = PBXBuildFile; fileRef = 70C3825D2661F805005FDC7D /* DataSets.swift */; };
		70DAD1B62678A40300551EA5 /* Verification.swift in Sources */ = {isa = PBXBuildFile; fileRef = 70DAD1B52678A40300551EA5 /* Verification.swift */; };
		70E4705726831F630065346C /* DetailViewController.swift in Sources */ = {isa = PBXBuildFile; fileRef = 70E4705626831F630065346C /* DetailViewController.swift */; };
		A7E8BEC6F8F8C4CE6BAF4838 /* Pods_map_mapUITests.framework in Frameworks */ = {isa = PBXBuildFile; fileRef = CCAE619AE7EC21DAE469FBD7 /* Pods_map_mapUITests.framework */; };
		CB342FA42F16A644E8BD38A4 /* Pods_mapTests.framework in Frameworks */ = {isa = PBXBuildFile; fileRef = 1E3AB73862F5B19D04B5BD8C /* Pods_mapTests.framework */; };
		E071C8B86E06495E22404B09 /* Pods_map.framework in Frameworks */ = {isa = PBXBuildFile; fileRef = BBD5ABB9CA99D24DA636689C /* Pods_map.framework */; };
/* End PBXBuildFile section */

/* Begin PBXContainerItemProxy section */
		704C75B7265678AF00764B9C /* PBXContainerItemProxy */ = {
			isa = PBXContainerItemProxy;
			containerPortal = 704C7598265678AB00764B9C /* Project object */;
			proxyType = 1;
			remoteGlobalIDString = 704C759F265678AB00764B9C;
			remoteInfo = map;
		};
		704C75C2265678AF00764B9C /* PBXContainerItemProxy */ = {
			isa = PBXContainerItemProxy;
			containerPortal = 704C7598265678AB00764B9C /* Project object */;
			proxyType = 1;
			remoteGlobalIDString = 704C759F265678AB00764B9C;
			remoteInfo = map;
		};
/* End PBXContainerItemProxy section */

/* Begin PBXFileReference section */
		1E3AB73862F5B19D04B5BD8C /* Pods_mapTests.framework */ = {isa = PBXFileReference; explicitFileType = wrapper.framework; includeInIndex = 0; path = Pods_mapTests.framework; sourceTree = BUILT_PRODUCTS_DIR; };
		3DF62B10C3AE211B79E3148C /* Pods-mapTests.debug.xcconfig */ = {isa = PBXFileReference; includeInIndex = 1; lastKnownFileType = text.xcconfig; name = "Pods-mapTests.debug.xcconfig"; path = "Target Support Files/Pods-mapTests/Pods-mapTests.debug.xcconfig"; sourceTree = "<group>"; };
		45CFFF38B8595AB477F04AC8 /* Pods-map.release.xcconfig */ = {isa = PBXFileReference; includeInIndex = 1; lastKnownFileType = text.xcconfig; name = "Pods-map.release.xcconfig"; path = "Target Support Files/Pods-map/Pods-map.release.xcconfig"; sourceTree = "<group>"; };
		5D3702B0A60C2D5F04445767 /* Pods-map-mapUITests.release.xcconfig */ = {isa = PBXFileReference; includeInIndex = 1; lastKnownFileType = text.xcconfig; name = "Pods-map-mapUITests.release.xcconfig"; path = "Target Support Files/Pods-map-mapUITests/Pods-map-mapUITests.release.xcconfig"; sourceTree = "<group>"; };
		704C75A0265678AB00764B9C /* map.app */ = {isa = PBXFileReference; explicitFileType = wrapper.application; includeInIndex = 0; path = map.app; sourceTree = BUILT_PRODUCTS_DIR; };
		704C75A3265678AB00764B9C /* AppDelegate.swift */ = {isa = PBXFileReference; lastKnownFileType = sourcecode.swift; path = AppDelegate.swift; sourceTree = "<group>"; };
		704C75A5265678AB00764B9C /* SceneDelegate.swift */ = {isa = PBXFileReference; lastKnownFileType = sourcecode.swift; path = SceneDelegate.swift; sourceTree = "<group>"; };
		704C75A7265678AB00764B9C /* MapViewController.swift */ = {isa = PBXFileReference; lastKnownFileType = sourcecode.swift; path = MapViewController.swift; sourceTree = "<group>"; };
		704C75AA265678AB00764B9C /* Base */ = {isa = PBXFileReference; lastKnownFileType = file.storyboard; name = Base; path = Base.lproj/Main.storyboard; sourceTree = "<group>"; };
		704C75AC265678AF00764B9C /* Assets.xcassets */ = {isa = PBXFileReference; lastKnownFileType = folder.assetcatalog; path = Assets.xcassets; sourceTree = "<group>"; };
		704C75AF265678AF00764B9C /* Base */ = {isa = PBXFileReference; lastKnownFileType = file.storyboard; name = Base; path = Base.lproj/LaunchScreen.storyboard; sourceTree = "<group>"; };
		704C75B1265678AF00764B9C /* Info.plist */ = {isa = PBXFileReference; lastKnownFileType = text.plist.xml; path = Info.plist; sourceTree = "<group>"; };
		704C75B6265678AF00764B9C /* mapTests.xctest */ = {isa = PBXFileReference; explicitFileType = wrapper.cfbundle; includeInIndex = 0; path = mapTests.xctest; sourceTree = BUILT_PRODUCTS_DIR; };
		704C75BA265678AF00764B9C /* mapTests.swift */ = {isa = PBXFileReference; lastKnownFileType = sourcecode.swift; path = mapTests.swift; sourceTree = "<group>"; };
		704C75BC265678AF00764B9C /* Info.plist */ = {isa = PBXFileReference; lastKnownFileType = text.plist.xml; path = Info.plist; sourceTree = "<group>"; };
		704C75C1265678AF00764B9C /* mapUITests.xctest */ = {isa = PBXFileReference; explicitFileType = wrapper.cfbundle; includeInIndex = 0; path = mapUITests.xctest; sourceTree = BUILT_PRODUCTS_DIR; };
		704C75C5265678AF00764B9C /* mapUITests.swift */ = {isa = PBXFileReference; lastKnownFileType = sourcecode.swift; path = mapUITests.swift; sourceTree = "<group>"; };
		704C75C7265678AF00764B9C /* Info.plist */ = {isa = PBXFileReference; lastKnownFileType = text.plist.xml; path = Info.plist; sourceTree = "<group>"; };
		7068552426CDFAD800E83121 /* PolicyViewController.swift */ = {isa = PBXFileReference; lastKnownFileType = sourcecode.swift; path = PolicyViewController.swift; sourceTree = "<group>"; };
		7074567E2682CFF500D630B2 /* CollectionViewContoroller.swift */ = {isa = PBXFileReference; lastKnownFileType = sourcecode.swift; path = CollectionViewContoroller.swift; sourceTree = "<group>"; };
		707B6A94265C84DC00A73312 /* ProfileViewController.swift */ = {isa = PBXFileReference; lastKnownFileType = sourcecode.swift; path = ProfileViewController.swift; sourceTree = "<group>"; };
		707B6A9C265C870E00A73312 /* PostViewController.swift */ = {isa = PBXFileReference; lastKnownFileType = sourcecode.swift; path = PostViewController.swift; sourceTree = "<group>"; };
		707B6ACF265CD85000A73312 /* GoogleService-Info.plist */ = {isa = PBXFileReference; fileEncoding = 4; lastKnownFileType = text.plist.xml; path = "GoogleService-Info.plist"; sourceTree = "<group>"; };
		707B6ADA265CE69200A73312 /* loginViewController.swift */ = {isa = PBXFileReference; lastKnownFileType = sourcecode.swift; path = loginViewController.swift; sourceTree = "<group>"; };
		708516ED26855B6900DC29CC /* ImageDetailViewController.swift */ = {isa = PBXFileReference; lastKnownFileType = sourcecode.swift; path = ImageDetailViewController.swift; sourceTree = "<group>"; };
		70C3825D2661F805005FDC7D /* DataSets.swift */ = {isa = PBXFileReference; lastKnownFileType = sourcecode.swift; path = DataSets.swift; sourceTree = "<group>"; };
		70DAD1B52678A40300551EA5 /* Verification.swift */ = {isa = PBXFileReference; lastKnownFileType = sourcecode.swift; path = Verification.swift; sourceTree = "<group>"; };
		70E4705626831F630065346C /* DetailViewController.swift */ = {isa = PBXFileReference; lastKnownFileType = sourcecode.swift; path = DetailViewController.swift; sourceTree = "<group>"; };
		75C33B4C0A1CA945CFC4519C /* Pods-map.debug.xcconfig */ = {isa = PBXFileReference; includeInIndex = 1; lastKnownFileType = text.xcconfig; name = "Pods-map.debug.xcconfig"; path = "Target Support Files/Pods-map/Pods-map.debug.xcconfig"; sourceTree = "<group>"; };
		9F054EC50972760F27541778 /* Pods-map-mapUITests.debug.xcconfig */ = {isa = PBXFileReference; includeInIndex = 1; lastKnownFileType = text.xcconfig; name = "Pods-map-mapUITests.debug.xcconfig"; path = "Target Support Files/Pods-map-mapUITests/Pods-map-mapUITests.debug.xcconfig"; sourceTree = "<group>"; };
		BBD5ABB9CA99D24DA636689C /* Pods_map.framework */ = {isa = PBXFileReference; explicitFileType = wrapper.framework; includeInIndex = 0; path = Pods_map.framework; sourceTree = BUILT_PRODUCTS_DIR; };
		CCAE619AE7EC21DAE469FBD7 /* Pods_map_mapUITests.framework */ = {isa = PBXFileReference; explicitFileType = wrapper.framework; includeInIndex = 0; path = Pods_map_mapUITests.framework; sourceTree = BUILT_PRODUCTS_DIR; };
		DA84538860EA9AE3F593B40D /* Pods-mapTests.release.xcconfig */ = {isa = PBXFileReference; includeInIndex = 1; lastKnownFileType = text.xcconfig; name = "Pods-mapTests.release.xcconfig"; path = "Target Support Files/Pods-mapTests/Pods-mapTests.release.xcconfig"; sourceTree = "<group>"; };
/* End PBXFileReference section */

/* Begin PBXFrameworksBuildPhase section */
		704C759D265678AB00764B9C /* Frameworks */ = {
			isa = PBXFrameworksBuildPhase;
			buildActionMask = 2147483647;
			files = (
				E071C8B86E06495E22404B09 /* Pods_map.framework in Frameworks */,
			);
			runOnlyForDeploymentPostprocessing = 0;
		};
		704C75B3265678AF00764B9C /* Frameworks */ = {
			isa = PBXFrameworksBuildPhase;
			buildActionMask = 2147483647;
			files = (
				CB342FA42F16A644E8BD38A4 /* Pods_mapTests.framework in Frameworks */,
			);
			runOnlyForDeploymentPostprocessing = 0;
		};
		704C75BE265678AF00764B9C /* Frameworks */ = {
			isa = PBXFrameworksBuildPhase;
			buildActionMask = 2147483647;
			files = (
				A7E8BEC6F8F8C4CE6BAF4838 /* Pods_map_mapUITests.framework in Frameworks */,
			);
			runOnlyForDeploymentPostprocessing = 0;
		};
/* End PBXFrameworksBuildPhase section */

/* Begin PBXGroup section */
		3925A3385175A90B3574929D /* Frameworks */ = {
			isa = PBXGroup;
			children = (
				BBD5ABB9CA99D24DA636689C /* Pods_map.framework */,
				CCAE619AE7EC21DAE469FBD7 /* Pods_map_mapUITests.framework */,
				1E3AB73862F5B19D04B5BD8C /* Pods_mapTests.framework */,
			);
			name = Frameworks;
			sourceTree = "<group>";
		};
		3A7F04CCB8FDD09BB0637377 /* Pods */ = {
			isa = PBXGroup;
			children = (
				75C33B4C0A1CA945CFC4519C /* Pods-map.debug.xcconfig */,
				45CFFF38B8595AB477F04AC8 /* Pods-map.release.xcconfig */,
				9F054EC50972760F27541778 /* Pods-map-mapUITests.debug.xcconfig */,
				5D3702B0A60C2D5F04445767 /* Pods-map-mapUITests.release.xcconfig */,
				3DF62B10C3AE211B79E3148C /* Pods-mapTests.debug.xcconfig */,
				DA84538860EA9AE3F593B40D /* Pods-mapTests.release.xcconfig */,
			);
			path = Pods;
			sourceTree = "<group>";
		};
		704C7597265678AB00764B9C = {
			isa = PBXGroup;
			children = (
				704C75A2265678AB00764B9C /* map */,
				704C75B9265678AF00764B9C /* mapTests */,
				704C75C4265678AF00764B9C /* mapUITests */,
				704C75A1265678AB00764B9C /* Products */,
				3A7F04CCB8FDD09BB0637377 /* Pods */,
				3925A3385175A90B3574929D /* Frameworks */,
			);
			sourceTree = "<group>";
		};
		704C75A1265678AB00764B9C /* Products */ = {
			isa = PBXGroup;
			children = (
				704C75A0265678AB00764B9C /* map.app */,
				704C75B6265678AF00764B9C /* mapTests.xctest */,
				704C75C1265678AF00764B9C /* mapUITests.xctest */,
			);
			name = Products;
			sourceTree = "<group>";
		};
		704C75A2265678AB00764B9C /* map */ = {
			isa = PBXGroup;
			children = (
				70A43AEB265D1FF600353093 /* Model */,
				707B6A93265C84BB00A73312 /* Contoroller */,
				704C75A3265678AB00764B9C /* AppDelegate.swift */,
				70DAD1B52678A40300551EA5 /* Verification.swift */,
				704C75A5265678AB00764B9C /* SceneDelegate.swift */,
				704C75A9265678AB00764B9C /* Main.storyboard */,
				704C75AC265678AF00764B9C /* Assets.xcassets */,
				704C75AE265678AF00764B9C /* LaunchScreen.storyboard */,
				704C75B1265678AF00764B9C /* Info.plist */,
				707B6ACF265CD85000A73312 /* GoogleService-Info.plist */,
			);
			path = map;
			sourceTree = "<group>";
		};
		704C75B9265678AF00764B9C /* mapTests */ = {
			isa = PBXGroup;
			children = (
				704C75BA265678AF00764B9C /* mapTests.swift */,
				704C75BC265678AF00764B9C /* Info.plist */,
			);
			path = mapTests;
			sourceTree = "<group>";
		};
		704C75C4265678AF00764B9C /* mapUITests */ = {
			isa = PBXGroup;
			children = (
				704C75C5265678AF00764B9C /* mapUITests.swift */,
				704C75C7265678AF00764B9C /* Info.plist */,
			);
			path = mapUITests;
			sourceTree = "<group>";
		};
		707B6A93265C84BB00A73312 /* Contoroller */ = {
			isa = PBXGroup;
			children = (
				7068552426CDFAD800E83121 /* PolicyViewController.swift */,
				704C75A7265678AB00764B9C /* MapViewController.swift */,
				707B6A94265C84DC00A73312 /* ProfileViewController.swift */,
				707B6A9C265C870E00A73312 /* PostViewController.swift */,
				707B6ADA265CE69200A73312 /* loginViewController.swift */,
				7074567E2682CFF500D630B2 /* CollectionViewContoroller.swift */,
				70E4705626831F630065346C /* DetailViewController.swift */,
				708516ED26855B6900DC29CC /* ImageDetailViewController.swift */,
			);
			path = Contoroller;
			sourceTree = "<group>";
		};
		70A43AEB265D1FF600353093 /* Model */ = {
			isa = PBXGroup;
			children = (
				70C3825D2661F805005FDC7D /* DataSets.swift */,
			);
			path = Model;
			sourceTree = "<group>";
		};
/* End PBXGroup section */

/* Begin PBXNativeTarget section */
		704C759F265678AB00764B9C /* map */ = {
			isa = PBXNativeTarget;
			buildConfigurationList = 704C75CA265678AF00764B9C /* Build configuration list for PBXNativeTarget "map" */;
			buildPhases = (
				3FE5A74ACAD8340A0B319305 /* [CP] Check Pods Manifest.lock */,
				704C759C265678AB00764B9C /* Sources */,
				704C759D265678AB00764B9C /* Frameworks */,
				704C759E265678AB00764B9C /* Resources */,
				9A25869C661CBE2599F353B5 /* [CP] Embed Pods Frameworks */,
			);
			buildRules = (
			);
			dependencies = (
			);
			name = map;
			productName = map;
			productReference = 704C75A0265678AB00764B9C /* map.app */;
			productType = "com.apple.product-type.application";
		};
		704C75B5265678AF00764B9C /* mapTests */ = {
			isa = PBXNativeTarget;
			buildConfigurationList = 704C75CD265678AF00764B9C /* Build configuration list for PBXNativeTarget "mapTests" */;
			buildPhases = (
				47062275B8E8B9F4B9EF2025 /* [CP] Check Pods Manifest.lock */,
				704C75B2265678AF00764B9C /* Sources */,
				704C75B3265678AF00764B9C /* Frameworks */,
				704C75B4265678AF00764B9C /* Resources */,
			);
			buildRules = (
			);
			dependencies = (
				704C75B8265678AF00764B9C /* PBXTargetDependency */,
			);
			name = mapTests;
			productName = mapTests;
			productReference = 704C75B6265678AF00764B9C /* mapTests.xctest */;
			productType = "com.apple.product-type.bundle.unit-test";
		};
		704C75C0265678AF00764B9C /* mapUITests */ = {
			isa = PBXNativeTarget;
			buildConfigurationList = 704C75D0265678AF00764B9C /* Build configuration list for PBXNativeTarget "mapUITests" */;
			buildPhases = (
				DBC28A268DC63B7D980713BC /* [CP] Check Pods Manifest.lock */,
				704C75BD265678AF00764B9C /* Sources */,
				704C75BE265678AF00764B9C /* Frameworks */,
				704C75BF265678AF00764B9C /* Resources */,
				67E74E70D7EF6E5505F9C9FB /* [CP] Embed Pods Frameworks */,
			);
			buildRules = (
			);
			dependencies = (
				704C75C3265678AF00764B9C /* PBXTargetDependency */,
			);
			name = mapUITests;
			productName = mapUITests;
			productReference = 704C75C1265678AF00764B9C /* mapUITests.xctest */;
			productType = "com.apple.product-type.bundle.ui-testing";
		};
/* End PBXNativeTarget section */

/* Begin PBXProject section */
		704C7598265678AB00764B9C /* Project object */ = {
			isa = PBXProject;
			attributes = {
				LastSwiftUpdateCheck = 1240;
				LastUpgradeCheck = 1240;
				TargetAttributes = {
					704C759F265678AB00764B9C = {
						CreatedOnToolsVersion = 12.4;
					};
					704C75B5265678AF00764B9C = {
						CreatedOnToolsVersion = 12.4;
						TestTargetID = 704C759F265678AB00764B9C;
					};
					704C75C0265678AF00764B9C = {
						CreatedOnToolsVersion = 12.4;
						TestTargetID = 704C759F265678AB00764B9C;
					};
				};
			};
			buildConfigurationList = 704C759B265678AB00764B9C /* Build configuration list for PBXProject "map" */;
			compatibilityVersion = "Xcode 9.3";
			developmentRegion = en;
			hasScannedForEncodings = 0;
			knownRegions = (
				en,
				Base,
			);
			mainGroup = 704C7597265678AB00764B9C;
			productRefGroup = 704C75A1265678AB00764B9C /* Products */;
			projectDirPath = "";
			projectRoot = "";
			targets = (
				704C759F265678AB00764B9C /* map */,
				704C75B5265678AF00764B9C /* mapTests */,
				704C75C0265678AF00764B9C /* mapUITests */,
			);
		};
/* End PBXProject section */

/* Begin PBXResourcesBuildPhase section */
		704C759E265678AB00764B9C /* Resources */ = {
			isa = PBXResourcesBuildPhase;
			buildActionMask = 2147483647;
			files = (
				704C75B0265678AF00764B9C /* LaunchScreen.storyboard in Resources */,
				704C75AD265678AF00764B9C /* Assets.xcassets in Resources */,
				704C75AB265678AB00764B9C /* Main.storyboard in Resources */,
				707B6AD0265CD85000A73312 /* GoogleService-Info.plist in Resources */,
			);
			runOnlyForDeploymentPostprocessing = 0;
		};
		704C75B4265678AF00764B9C /* Resources */ = {
			isa = PBXResourcesBuildPhase;
			buildActionMask = 2147483647;
			files = (
			);
			runOnlyForDeploymentPostprocessing = 0;
		};
		704C75BF265678AF00764B9C /* Resources */ = {
			isa = PBXResourcesBuildPhase;
			buildActionMask = 2147483647;
			files = (
			);
			runOnlyForDeploymentPostprocessing = 0;
		};
/* End PBXResourcesBuildPhase section */

/* Begin PBXShellScriptBuildPhase section */
		3FE5A74ACAD8340A0B319305 /* [CP] Check Pods Manifest.lock */ = {
			isa = PBXShellScriptBuildPhase;
			buildActionMask = 2147483647;
			files = (
			);
			inputFileListPaths = (
			);
			inputPaths = (
				"${PODS_PODFILE_DIR_PATH}/Podfile.lock",
				"${PODS_ROOT}/Manifest.lock",
			);
			name = "[CP] Check Pods Manifest.lock";
			outputFileListPaths = (
			);
			outputPaths = (
				"$(DERIVED_FILE_DIR)/Pods-map-checkManifestLockResult.txt",
			);
			runOnlyForDeploymentPostprocessing = 0;
			shellPath = /bin/sh;
			shellScript = "diff \"${PODS_PODFILE_DIR_PATH}/Podfile.lock\" \"${PODS_ROOT}/Manifest.lock\" > /dev/null\nif [ $? != 0 ] ; then\n    # print error to STDERR\n    echo \"error: The sandbox is not in sync with the Podfile.lock. Run 'pod install' or update your CocoaPods installation.\" >&2\n    exit 1\nfi\n# This output is used by Xcode 'outputs' to avoid re-running this script phase.\necho \"SUCCESS\" > \"${SCRIPT_OUTPUT_FILE_0}\"\n";
			showEnvVarsInLog = 0;
		};
		47062275B8E8B9F4B9EF2025 /* [CP] Check Pods Manifest.lock */ = {
			isa = PBXShellScriptBuildPhase;
			buildActionMask = 2147483647;
			files = (
			);
			inputFileListPaths = (
			);
			inputPaths = (
				"${PODS_PODFILE_DIR_PATH}/Podfile.lock",
				"${PODS_ROOT}/Manifest.lock",
			);
			name = "[CP] Check Pods Manifest.lock";
			outputFileListPaths = (
			);
			outputPaths = (
				"$(DERIVED_FILE_DIR)/Pods-mapTests-checkManifestLockResult.txt",
			);
			runOnlyForDeploymentPostprocessing = 0;
			shellPath = /bin/sh;
			shellScript = "diff \"${PODS_PODFILE_DIR_PATH}/Podfile.lock\" \"${PODS_ROOT}/Manifest.lock\" > /dev/null\nif [ $? != 0 ] ; then\n    # print error to STDERR\n    echo \"error: The sandbox is not in sync with the Podfile.lock. Run 'pod install' or update your CocoaPods installation.\" >&2\n    exit 1\nfi\n# This output is used by Xcode 'outputs' to avoid re-running this script phase.\necho \"SUCCESS\" > \"${SCRIPT_OUTPUT_FILE_0}\"\n";
			showEnvVarsInLog = 0;
		};
		67E74E70D7EF6E5505F9C9FB /* [CP] Embed Pods Frameworks */ = {
			isa = PBXShellScriptBuildPhase;
			buildActionMask = 2147483647;
			files = (
			);
			inputFileListPaths = (
				"${PODS_ROOT}/Target Support Files/Pods-map-mapUITests/Pods-map-mapUITests-frameworks-${CONFIGURATION}-input-files.xcfilelist",
			);
			name = "[CP] Embed Pods Frameworks";
			outputFileListPaths = (
				"${PODS_ROOT}/Target Support Files/Pods-map-mapUITests/Pods-map-mapUITests-frameworks-${CONFIGURATION}-output-files.xcfilelist",
			);
			runOnlyForDeploymentPostprocessing = 0;
			shellPath = /bin/sh;
			shellScript = "\"${PODS_ROOT}/Target Support Files/Pods-map-mapUITests/Pods-map-mapUITests-frameworks.sh\"\n";
			showEnvVarsInLog = 0;
		};
		9A25869C661CBE2599F353B5 /* [CP] Embed Pods Frameworks */ = {
			isa = PBXShellScriptBuildPhase;
			buildActionMask = 2147483647;
			files = (
			);
			inputFileListPaths = (
				"${PODS_ROOT}/Target Support Files/Pods-map/Pods-map-frameworks-${CONFIGURATION}-input-files.xcfilelist",
			);
			name = "[CP] Embed Pods Frameworks";
			outputFileListPaths = (
				"${PODS_ROOT}/Target Support Files/Pods-map/Pods-map-frameworks-${CONFIGURATION}-output-files.xcfilelist",
			);
			runOnlyForDeploymentPostprocessing = 0;
			shellPath = /bin/sh;
			shellScript = "\"${PODS_ROOT}/Target Support Files/Pods-map/Pods-map-frameworks.sh\"\n";
			showEnvVarsInLog = 0;
		};
		DBC28A268DC63B7D980713BC /* [CP] Check Pods Manifest.lock */ = {
			isa = PBXShellScriptBuildPhase;
			buildActionMask = 2147483647;
			files = (
			);
			inputFileListPaths = (
			);
			inputPaths = (
				"${PODS_PODFILE_DIR_PATH}/Podfile.lock",
				"${PODS_ROOT}/Manifest.lock",
			);
			name = "[CP] Check Pods Manifest.lock";
			outputFileListPaths = (
			);
			outputPaths = (
				"$(DERIVED_FILE_DIR)/Pods-map-mapUITests-checkManifestLockResult.txt",
			);
			runOnlyForDeploymentPostprocessing = 0;
			shellPath = /bin/sh;
			shellScript = "diff \"${PODS_PODFILE_DIR_PATH}/Podfile.lock\" \"${PODS_ROOT}/Manifest.lock\" > /dev/null\nif [ $? != 0 ] ; then\n    # print error to STDERR\n    echo \"error: The sandbox is not in sync with the Podfile.lock. Run 'pod install' or update your CocoaPods installation.\" >&2\n    exit 1\nfi\n# This output is used by Xcode 'outputs' to avoid re-running this script phase.\necho \"SUCCESS\" > \"${SCRIPT_OUTPUT_FILE_0}\"\n";
			showEnvVarsInLog = 0;
		};
/* End PBXShellScriptBuildPhase section */

/* Begin PBXSourcesBuildPhase section */
		704C759C265678AB00764B9C /* Sources */ = {
			isa = PBXSourcesBuildPhase;
			buildActionMask = 2147483647;
			files = (
				70DAD1B62678A40300551EA5 /* Verification.swift in Sources */,
				7074567F2682CFF500D630B2 /* CollectionViewContoroller.swift in Sources */,
				708516EE26855B6900DC29CC /* ImageDetailViewController.swift in Sources */,
				70C3825E2661F805005FDC7D /* DataSets.swift in Sources */,
				704C75A8265678AB00764B9C /* MapViewController.swift in Sources */,
				704C75A4265678AB00764B9C /* AppDelegate.swift in Sources */,
				707B6ADB265CE69200A73312 /* loginViewController.swift in Sources */,
				707B6A95265C84DC00A73312 /* ProfileViewController.swift in Sources */,
				7068552526CDFAD800E83121 /* PolicyViewController.swift in Sources */,
				70E4705726831F630065346C /* DetailViewController.swift in Sources */,
				704C75A6265678AB00764B9C /* SceneDelegate.swift in Sources */,
				707B6A9D265C870E00A73312 /* PostViewController.swift in Sources */,
			);
			runOnlyForDeploymentPostprocessing = 0;
		};
		704C75B2265678AF00764B9C /* Sources */ = {
			isa = PBXSourcesBuildPhase;
			buildActionMask = 2147483647;
			files = (
				704C75BB265678AF00764B9C /* mapTests.swift in Sources */,
			);
			runOnlyForDeploymentPostprocessing = 0;
		};
		704C75BD265678AF00764B9C /* Sources */ = {
			isa = PBXSourcesBuildPhase;
			buildActionMask = 2147483647;
			files = (
				704C75C6265678AF00764B9C /* mapUITests.swift in Sources */,
			);
			runOnlyForDeploymentPostprocessing = 0;
		};
/* End PBXSourcesBuildPhase section */

/* Begin PBXTargetDependency section */
		704C75B8265678AF00764B9C /* PBXTargetDependency */ = {
			isa = PBXTargetDependency;
			target = 704C759F265678AB00764B9C /* map */;
			targetProxy = 704C75B7265678AF00764B9C /* PBXContainerItemProxy */;
		};
		704C75C3265678AF00764B9C /* PBXTargetDependency */ = {
			isa = PBXTargetDependency;
			target = 704C759F265678AB00764B9C /* map */;
			targetProxy = 704C75C2265678AF00764B9C /* PBXContainerItemProxy */;
		};
/* End PBXTargetDependency section */

/* Begin PBXVariantGroup section */
		704C75A9265678AB00764B9C /* Main.storyboard */ = {
			isa = PBXVariantGroup;
			children = (
				704C75AA265678AB00764B9C /* Base */,
			);
			name = Main.storyboard;
			sourceTree = "<group>";
		};
		704C75AE265678AF00764B9C /* LaunchScreen.storyboard */ = {
			isa = PBXVariantGroup;
			children = (
				704C75AF265678AF00764B9C /* Base */,
			);
			name = LaunchScreen.storyboard;
			sourceTree = "<group>";
		};
/* End PBXVariantGroup section */

/* Begin XCBuildConfiguration section */
		704C75C8265678AF00764B9C /* Debug */ = {
			isa = XCBuildConfiguration;
			buildSettings = {
				ALWAYS_SEARCH_USER_PATHS = NO;
				CLANG_ANALYZER_NONNULL = YES;
				CLANG_ANALYZER_NUMBER_OBJECT_CONVERSION = YES_AGGRESSIVE;
				CLANG_CXX_LANGUAGE_STANDARD = "gnu++14";
				CLANG_CXX_LIBRARY = "libc++";
				CLANG_ENABLE_MODULES = YES;
				CLANG_ENABLE_OBJC_ARC = YES;
				CLANG_ENABLE_OBJC_WEAK = YES;
				CLANG_WARN_BLOCK_CAPTURE_AUTORELEASING = YES;
				CLANG_WARN_BOOL_CONVERSION = YES;
				CLANG_WARN_COMMA = YES;
				CLANG_WARN_CONSTANT_CONVERSION = YES;
				CLANG_WARN_DEPRECATED_OBJC_IMPLEMENTATIONS = YES;
				CLANG_WARN_DIRECT_OBJC_ISA_USAGE = YES_ERROR;
				CLANG_WARN_DOCUMENTATION_COMMENTS = YES;
				CLANG_WARN_EMPTY_BODY = YES;
				CLANG_WARN_ENUM_CONVERSION = YES;
				CLANG_WARN_INFINITE_RECURSION = YES;
				CLANG_WARN_INT_CONVERSION = YES;
				CLANG_WARN_NON_LITERAL_NULL_CONVERSION = YES;
				CLANG_WARN_OBJC_IMPLICIT_RETAIN_SELF = YES;
				CLANG_WARN_OBJC_LITERAL_CONVERSION = YES;
				CLANG_WARN_OBJC_ROOT_CLASS = YES_ERROR;
				CLANG_WARN_QUOTED_INCLUDE_IN_FRAMEWORK_HEADER = YES;
				CLANG_WARN_RANGE_LOOP_ANALYSIS = YES;
				CLANG_WARN_STRICT_PROTOTYPES = YES;
				CLANG_WARN_SUSPICIOUS_MOVE = YES;
				CLANG_WARN_UNGUARDED_AVAILABILITY = YES_AGGRESSIVE;
				CLANG_WARN_UNREACHABLE_CODE = YES;
				CLANG_WARN__DUPLICATE_METHOD_MATCH = YES;
				COPY_PHASE_STRIP = NO;
				DEBUG_INFORMATION_FORMAT = dwarf;
				ENABLE_STRICT_OBJC_MSGSEND = YES;
				ENABLE_TESTABILITY = YES;
				GCC_C_LANGUAGE_STANDARD = gnu11;
				GCC_DYNAMIC_NO_PIC = NO;
				GCC_NO_COMMON_BLOCKS = YES;
				GCC_OPTIMIZATION_LEVEL = 0;
				GCC_PREPROCESSOR_DEFINITIONS = (
					"DEBUG=1",
					"$(inherited)",
				);
				GCC_WARN_64_TO_32_BIT_CONVERSION = YES;
				GCC_WARN_ABOUT_RETURN_TYPE = YES_ERROR;
				GCC_WARN_UNDECLARED_SELECTOR = YES;
				GCC_WARN_UNINITIALIZED_AUTOS = YES_AGGRESSIVE;
				GCC_WARN_UNUSED_FUNCTION = YES;
				GCC_WARN_UNUSED_VARIABLE = YES;
				IPHONEOS_DEPLOYMENT_TARGET = 14.4;
				MTL_ENABLE_DEBUG_INFO = INCLUDE_SOURCE;
				MTL_FAST_MATH = YES;
				ONLY_ACTIVE_ARCH = YES;
				SDKROOT = iphoneos;
				SWIFT_ACTIVE_COMPILATION_CONDITIONS = DEBUG;
				SWIFT_OPTIMIZATION_LEVEL = "-Onone";
			};
			name = Debug;
		};
		704C75C9265678AF00764B9C /* Release */ = {
			isa = XCBuildConfiguration;
			buildSettings = {
				ALWAYS_SEARCH_USER_PATHS = NO;
				CLANG_ANALYZER_NONNULL = YES;
				CLANG_ANALYZER_NUMBER_OBJECT_CONVERSION = YES_AGGRESSIVE;
				CLANG_CXX_LANGUAGE_STANDARD = "gnu++14";
				CLANG_CXX_LIBRARY = "libc++";
				CLANG_ENABLE_MODULES = YES;
				CLANG_ENABLE_OBJC_ARC = YES;
				CLANG_ENABLE_OBJC_WEAK = YES;
				CLANG_WARN_BLOCK_CAPTURE_AUTORELEASING = YES;
				CLANG_WARN_BOOL_CONVERSION = YES;
				CLANG_WARN_COMMA = YES;
				CLANG_WARN_CONSTANT_CONVERSION = YES;
				CLANG_WARN_DEPRECATED_OBJC_IMPLEMENTATIONS = YES;
				CLANG_WARN_DIRECT_OBJC_ISA_USAGE = YES_ERROR;
				CLANG_WARN_DOCUMENTATION_COMMENTS = YES;
				CLANG_WARN_EMPTY_BODY = YES;
				CLANG_WARN_ENUM_CONVERSION = YES;
				CLANG_WARN_INFINITE_RECURSION = YES;
				CLANG_WARN_INT_CONVERSION = YES;
				CLANG_WARN_NON_LITERAL_NULL_CONVERSION = YES;
				CLANG_WARN_OBJC_IMPLICIT_RETAIN_SELF = YES;
				CLANG_WARN_OBJC_LITERAL_CONVERSION = YES;
				CLANG_WARN_OBJC_ROOT_CLASS = YES_ERROR;
				CLANG_WARN_QUOTED_INCLUDE_IN_FRAMEWORK_HEADER = YES;
				CLANG_WARN_RANGE_LOOP_ANALYSIS = YES;
				CLANG_WARN_STRICT_PROTOTYPES = YES;
				CLANG_WARN_SUSPICIOUS_MOVE = YES;
				CLANG_WARN_UNGUARDED_AVAILABILITY = YES_AGGRESSIVE;
				CLANG_WARN_UNREACHABLE_CODE = YES;
				CLANG_WARN__DUPLICATE_METHOD_MATCH = YES;
				COPY_PHASE_STRIP = NO;
				DEBUG_INFORMATION_FORMAT = "dwarf-with-dsym";
				ENABLE_NS_ASSERTIONS = NO;
				ENABLE_STRICT_OBJC_MSGSEND = YES;
				GCC_C_LANGUAGE_STANDARD = gnu11;
				GCC_NO_COMMON_BLOCKS = YES;
				GCC_WARN_64_TO_32_BIT_CONVERSION = YES;
				GCC_WARN_ABOUT_RETURN_TYPE = YES_ERROR;
				GCC_WARN_UNDECLARED_SELECTOR = YES;
				GCC_WARN_UNINITIALIZED_AUTOS = YES_AGGRESSIVE;
				GCC_WARN_UNUSED_FUNCTION = YES;
				GCC_WARN_UNUSED_VARIABLE = YES;
				IPHONEOS_DEPLOYMENT_TARGET = 14.4;
				MTL_ENABLE_DEBUG_INFO = NO;
				MTL_FAST_MATH = YES;
				ONLY_ACTIVE_ARCH = YES;
				SDKROOT = iphoneos;
				SWIFT_COMPILATION_MODE = wholemodule;
				SWIFT_OPTIMIZATION_LEVEL = "-O";
				VALIDATE_PRODUCT = YES;
			};
			name = Release;
		};
		704C75CB265678AF00764B9C /* Debug */ = {
			isa = XCBuildConfiguration;
			baseConfigurationReference = 75C33B4C0A1CA945CFC4519C /* Pods-map.debug.xcconfig */;
			buildSettings = {
				ASSETCATALOG_COMPILER_APPICON_NAME = AppIcon;
				ASSETCATALOG_COMPILER_GLOBAL_ACCENT_COLOR_NAME = AccentColor;
				CODE_SIGN_STYLE = Automatic;
				DEVELOPMENT_TEAM = YA5HXFT63V;
				INFOPLIST_FILE = map/Info.plist;
				IPHONEOS_DEPLOYMENT_TARGET = 14.4;
				LD_RUNPATH_SEARCH_PATHS = (
					"$(inherited)",
					"@executable_path/Frameworks",
				);
				PRODUCT_BUNDLE_IDENTIFIER = com.syoyabu.map;
				PRODUCT_NAME = "$(TARGET_NAME)";
				SWIFT_VERSION = 5.0;
				TARGETED_DEVICE_FAMILY = 1;
			};
			name = Debug;
		};
		704C75CC265678AF00764B9C /* Release */ = {
			isa = XCBuildConfiguration;
			baseConfigurationReference = 45CFFF38B8595AB477F04AC8 /* Pods-map.release.xcconfig */;
			buildSettings = {
				ASSETCATALOG_COMPILER_APPICON_NAME = AppIcon;
				ASSETCATALOG_COMPILER_GLOBAL_ACCENT_COLOR_NAME = AccentColor;
				CODE_SIGN_STYLE = Automatic;
				DEVELOPMENT_TEAM = YA5HXFT63V;
				INFOPLIST_FILE = map/Info.plist;
				IPHONEOS_DEPLOYMENT_TARGET = 14.4;
				LD_RUNPATH_SEARCH_PATHS = (
					"$(inherited)",
					"@executable_path/Frameworks",
				);
				PRODUCT_BUNDLE_IDENTIFIER = com.syoyabu.map;
				PRODUCT_NAME = "$(TARGET_NAME)";
				SWIFT_VERSION = 5.0;
				TARGETED_DEVICE_FAMILY = 1;
			};
			name = Release;
		};
		704C75CE265678AF00764B9C /* Debug */ = {
			isa = XCBuildConfiguration;
			baseConfigurationReference = 3DF62B10C3AE211B79E3148C /* Pods-mapTests.debug.xcconfig */;
			buildSettings = {
				ALWAYS_EMBED_SWIFT_STANDARD_LIBRARIES = YES;
				BUNDLE_LOADER = "$(TEST_HOST)";
				CODE_SIGN_STYLE = Automatic;
				DEVELOPMENT_TEAM = YA5HXFT63V;
				INFOPLIST_FILE = mapTests/Info.plist;
				IPHONEOS_DEPLOYMENT_TARGET = 14.4;
				LD_RUNPATH_SEARCH_PATHS = (
					"$(inherited)",
					"@executable_path/Frameworks",
					"@loader_path/Frameworks",
				);
				PRODUCT_BUNDLE_IDENTIFIER = com.syoyabu.mapTests;
				PRODUCT_NAME = "$(TARGET_NAME)";
				SWIFT_VERSION = 5.0;
				TARGETED_DEVICE_FAMILY = "1,2";
				TEST_HOST = "$(BUILT_PRODUCTS_DIR)/map.app/map";
			};
			name = Debug;
		};
		704C75CF265678AF00764B9C /* Release */ = {
			isa = XCBuildConfiguration;
			baseConfigurationReference = DA84538860EA9AE3F593B40D /* Pods-mapTests.release.xcconfig */;
			buildSettings = {
				ALWAYS_EMBED_SWIFT_STANDARD_LIBRARIES = YES;
				BUNDLE_LOADER = "$(TEST_HOST)";
				CODE_SIGN_STYLE = Automatic;
				DEVELOPMENT_TEAM = YA5HXFT63V;
				INFOPLIST_FILE = mapTests/Info.plist;
				IPHONEOS_DEPLOYMENT_TARGET = 14.4;
				LD_RUNPATH_SEARCH_PATHS = (
					"$(inherited)",
					"@executable_path/Frameworks",
					"@loader_path/Frameworks",
				);
				PRODUCT_BUNDLE_IDENTIFIER = com.syoyabu.mapTests;
				PRODUCT_NAME = "$(TARGET_NAME)";
				SWIFT_VERSION = 5.0;
				TARGETED_DEVICE_FAMILY = "1,2";
				TEST_HOST = "$(BUILT_PRODUCTS_DIR)/map.app/map";
			};
			name = Release;
		};
		704C75D1265678AF00764B9C /* Debug */ = {
			isa = XCBuildConfiguration;
			baseConfigurationReference = 9F054EC50972760F27541778 /* Pods-map-mapUITests.debug.xcconfig */;
			buildSettings = {
				ALWAYS_EMBED_SWIFT_STANDARD_LIBRARIES = YES;
				CODE_SIGN_STYLE = Automatic;
				DEVELOPMENT_TEAM = YA5HXFT63V;
				INFOPLIST_FILE = mapUITests/Info.plist;
				LD_RUNPATH_SEARCH_PATHS = (
					"$(inherited)",
					"@executable_path/Frameworks",
					"@loader_path/Frameworks",
				);
				PRODUCT_BUNDLE_IDENTIFIER = com.syoyabu.mapUITests;
				PRODUCT_NAME = "$(TARGET_NAME)";
				SWIFT_VERSION = 5.0;
				TARGETED_DEVICE_FAMILY = "1,2";
				TEST_TARGET_NAME = map;
			};
			name = Debug;
		};
		704C75D2265678AF00764B9C /* Release */ = {
			isa = XCBuildConfiguration;
			baseConfigurationReference = 5D3702B0A60C2D5F04445767 /* Pods-map-mapUITests.release.xcconfig */;
			buildSettings = {
				ALWAYS_EMBED_SWIFT_STANDARD_LIBRARIES = YES;
				CODE_SIGN_STYLE = Automatic;
				DEVELOPMENT_TEAM = YA5HXFT63V;
				INFOPLIST_FILE = mapUITests/Info.plist;
				LD_RUNPATH_SEARCH_PATHS = (
					"$(inherited)",
					"@executable_path/Frameworks",
					"@loader_path/Frameworks",
				);
				PRODUCT_BUNDLE_IDENTIFIER = com.syoyabu.mapUITests;
				PRODUCT_NAME = "$(TARGET_NAME)";
				SWIFT_VERSION = 5.0;
				TARGETED_DEVICE_FAMILY = "1,2";
				TEST_TARGET_NAME = map;
			};
			name = Release;
		};
/* End XCBuildConfiguration section */

/* Begin XCConfigurationList section */
		704C759B265678AB00764B9C /* Build configuration list for PBXProject "map" */ = {
			isa = XCConfigurationList;
			buildConfigurations = (
				704C75C8265678AF00764B9C /* Debug */,
				704C75C9265678AF00764B9C /* Release */,
			);
			defaultConfigurationIsVisible = 0;
			defaultConfigurationName = Release;
		};
		704C75CA265678AF00764B9C /* Build configuration list for PBXNativeTarget "map" */ = {
			isa = XCConfigurationList;
			buildConfigurations = (
				704C75CB265678AF00764B9C /* Debug */,
				704C75CC265678AF00764B9C /* Release */,
			);
			defaultConfigurationIsVisible = 0;
			defaultConfigurationName = Release;
		};
		704C75CD265678AF00764B9C /* Build configuration list for PBXNativeTarget "mapTests" */ = {
			isa = XCConfigurationList;
			buildConfigurations = (
				704C75CE265678AF00764B9C /* Debug */,
				704C75CF265678AF00764B9C /* Release */,
			);
			defaultConfigurationIsVisible = 0;
			defaultConfigurationName = Release;
		};
		704C75D0265678AF00764B9C /* Build configuration list for PBXNativeTarget "mapUITests" */ = {
			isa = XCConfigurationList;
			buildConfigurations = (
				704C75D1265678AF00764B9C /* Debug */,
				704C75D2265678AF00764B9C /* Release */,
			);
			defaultConfigurationIsVisible = 0;
			defaultConfigurationName = Release;
		};
/* End XCConfigurationList section */
	};
	rootObject = 704C7598265678AB00764B9C /* Project object */;
}
